# This file is generated by running "yarn install" inside your project.
# Manual changes might be lost - proceed with caution!

__metadata:
  version: 8
  cacheKey: 10c0

"@azure/functions@npm:^4.7.2-preview":
  version: 4.8.0
  resolution: "@azure/functions@npm:4.8.0"
  dependencies:
    cookie: "npm:^0.7.0"
    long: "npm:^4.0.0"
    undici: "npm:^5.29.0"
  checksum: 10c0/e7c544bd42981e86e967d3f55e0be88951495cb3426dd62a9cd08fbd2a98136a7e0fccf43b0d6674ffffeb2a7e13ed7a6aa5626ab49c154f1e1f1b4217a3adda
  languageName: node
  linkType: hard

"@fastify/busboy@npm:^2.0.0":
  version: 2.1.1
  resolution: "@fastify/busboy@npm:2.1.1"
  checksum: 10c0/6f8027a8cba7f8f7b736718b013f5a38c0476eea67034c94a0d3c375e2b114366ad4419e6a6fa7ffc2ef9c6d3e0435d76dd584a7a1cbac23962fda7650b579e3
  languageName: node
  linkType: hard

"@types/node@npm:*, @types/node@npm:^24.1.0":
  version: 24.5.2
  resolution: "@types/node@npm:24.5.2"
  dependencies:
    undici-types: "npm:~7.12.0"
  checksum: 10c0/96baaca6564d39c6f7f6eddd73ce41e2a7594ef37225cd52df3be36fad31712af8ae178387a72d0b80f2e2799e7fd30c014bc0ae9eb9f962d9079b691be00c48
  languageName: node
  linkType: hard

"@types/pg@npm:^8.15.5":
  version: 8.15.5
  resolution: "@types/pg@npm:8.15.5"
  dependencies:
    "@types/node": "npm:*"
    pg-protocol: "npm:*"
    pg-types: "npm:^2.2.0"
  checksum: 10c0/19a3cc1811918753f8c827733648c3a85c7b0355bf207c44eb1a3b79b2e6a0d85cb5457ec550d860fc9be7e88c7587a3600958ec8c61fa1ad573061c63af93f0
  languageName: node
  linkType: hard

"cookie@npm:^0.7.0":
  version: 0.7.2
  resolution: "cookie@npm:0.7.2"
  checksum: 10c0/9596e8ccdbf1a3a88ae02cf5ee80c1c50959423e1022e4e60b91dd87c622af1da309253d8abdb258fb5e3eacb4f08e579dc58b4897b8087574eee0fd35dfa5d2
  languageName: node
  linkType: hard

"fast-xml-parser@npm:^5.2.5":
  version: 5.2.5
  resolution: "fast-xml-parser@npm:5.2.5"
  dependencies:
    strnum: "npm:^2.1.0"
  bin:
    fxparser: src/cli/cli.js
  checksum: 10c0/d1057d2e790c327ccfc42b872b91786a4912a152d44f9507bf053f800102dfb07ece3da0a86b33ff6a0caa5a5cad86da3326744f6ae5efb0c6c571d754fe48cd
  languageName: node
  linkType: hard

"long@npm:^4.0.0":
  version: 4.0.0
  resolution: "long@npm:4.0.0"
  checksum: 10c0/50a6417d15b06104dbe4e3d4a667c39b137f130a9108ea8752b352a4cfae047531a3ac351c181792f3f8768fe17cca6b0f406674a541a86fb638aaac560d83ed
  languageName: node
  linkType: hard

"pg-cloudflare@npm:^1.2.7":
  version: 1.2.7
  resolution: "pg-cloudflare@npm:1.2.7"
  checksum: 10c0/8a52713dbdecc9d389dc4e65e3b7ede2e199ec3715f7491ee80a15db171f2d75677a102e9c2cef0cb91a2f310e91f976eaec0dd6ef5d8bf357de0b948f9d9431
  languageName: node
  linkType: hard

"pg-connection-string@npm:^2.9.1":
  version: 2.9.1
  resolution: "pg-connection-string@npm:2.9.1"
  checksum: 10c0/9a646529bbc0843806fc5de98ce93735a4612b571f11867178a85665d11989a827e6fd157388ca0e34ec948098564fce836c178cfd499b9f0e8cd9972b8e2e5c
  languageName: node
  linkType: hard

"pg-int8@npm:1.0.1":
  version: 1.0.1
  resolution: "pg-int8@npm:1.0.1"
  checksum: 10c0/be6a02d851fc2a4ae3e9de81710d861de3ba35ac927268973eb3cb618873a05b9424656df464dd43bd7dc3fc5295c3f5b3c8349494f87c7af50ec59ef14e0b98
  languageName: node
  linkType: hard

"pg-pool@npm:^3.10.1":
  version: 3.10.1
  resolution: "pg-pool@npm:3.10.1"
  peerDependencies:
    pg: ">=8.0"
  checksum: 10c0/a00916b7df64226cc597fe769e3a757ff9b11562dc87ce5b0a54101a18c1fe282daaa2accaf27221e81e1e4cdf4da6a33dab09614734d32904d6c4e11c44a079
  languageName: node
  linkType: hard

"pg-protocol@npm:*, pg-protocol@npm:^1.10.3":
  version: 1.10.3
  resolution: "pg-protocol@npm:1.10.3"
  checksum: 10c0/f7ef54708c93ee6d271e37678296fc5097e4337fca91a88a3d99359b78633dbdbf6e983f0adb34b7cdd261b7ec7266deb20c3233bf3dfdb498b3e1098e8750b9
  languageName: node
  linkType: hard

"pg-types@npm:2.2.0, pg-types@npm:^2.2.0":
  version: 2.2.0
  resolution: "pg-types@npm:2.2.0"
  dependencies:
    pg-int8: "npm:1.0.1"
    postgres-array: "npm:~2.0.0"
    postgres-bytea: "npm:~1.0.0"
    postgres-date: "npm:~1.0.4"
    postgres-interval: "npm:^1.1.0"
  checksum: 10c0/ab3f8069a323f601cd2d2279ca8c425447dab3f9b61d933b0601d7ffc00d6200df25e26a4290b2b0783b59278198f7dd2ed03e94c4875797919605116a577c65
  languageName: node
  linkType: hard

"pg@npm:^8.16.3":
  version: 8.16.3
  resolution: "pg@npm:8.16.3"
  dependencies:
    pg-cloudflare: "npm:^1.2.7"
    pg-connection-string: "npm:^2.9.1"
    pg-pool: "npm:^3.10.1"
    pg-protocol: "npm:^1.10.3"
    pg-types: "npm:2.2.0"
    pgpass: "npm:1.0.5"
  peerDependencies:
    pg-native: ">=3.0.1"
  dependenciesMeta:
    pg-cloudflare:
      optional: true
  peerDependenciesMeta:
    pg-native:
      optional: true
  checksum: 10c0/a6a407ff0efb7599760d72ffdcda47a74c34c0fd71d896623caac45cf2cfb0f49a10973cce23110f182b9810639a1e9f6904454d7358c7001574ee0ffdcbce2a
  languageName: node
  linkType: hard

"pgpass@npm:1.0.5":
  version: 1.0.5
  resolution: "pgpass@npm:1.0.5"
  dependencies:
    split2: "npm:^4.1.0"
  checksum: 10c0/5ea6c9b2de04c33abb08d33a2dded303c4a3c7162a9264519cbe85c0a9857d712463140ba42fad0c7cd4b21f644dd870b45bb2e02fcbe505b4de0744fd802c1d
  languageName: node
  linkType: hard

"postgres-array@npm:~2.0.0":
  version: 2.0.0
  resolution: "postgres-array@npm:2.0.0"
  checksum: 10c0/cbd56207e4141d7fbf08c86f2aebf21fa7064943d3f808ec85f442ff94b48d891e7a144cc02665fb2de5dbcb9b8e3183a2ac749959e794b4a4cfd379d7a21d08
  languageName: node
  linkType: hard

"postgres-bytea@npm:~1.0.0":
  version: 1.0.0
  resolution: "postgres-bytea@npm:1.0.0"
  checksum: 10c0/febf2364b8a8953695cac159eeb94542ead5886792a9627b97e33f6b5bb6e263bc0706ab47ec221516e79fbd6b2452d668841830fb3b49ec6c0fc29be61892ce
  languageName: node
  linkType: hard

"postgres-date@npm:~1.0.4":
  version: 1.0.7
  resolution: "postgres-date@npm:1.0.7"
  checksum: 10c0/0ff91fccc64003e10b767fcfeefb5eaffbc522c93aa65d5051c49b3c4ce6cb93ab091a7d22877a90ad60b8874202c6f1d0f935f38a7235ed3b258efd54b97ca9
  languageName: node
  linkType: hard

"postgres-interval@npm:^1.1.0":
  version: 1.2.0
  resolution: "postgres-interval@npm:1.2.0"
  dependencies:
    xtend: "npm:^4.0.0"
  checksum: 10c0/c1734c3cb79e7f22579af0b268a463b1fa1d084e742a02a7a290c4f041e349456f3bee3b4ee0bb3f226828597f7b76deb615c1b857db9a742c45520100456272
  languageName: node
  linkType: hard

"prettier@npm:^3.6.2":
  version: 3.6.2
  resolution: "prettier@npm:3.6.2"
  bin:
    prettier: bin/prettier.cjs
  checksum: 10c0/488cb2f2b99ec13da1e50074912870217c11edaddedeadc649b1244c749d15ba94e846423d062e2c4c9ae683e2d65f754de28889ba06e697ac4f988d44f45812
  languageName: node
  linkType: hard

"sm-certification-fn@workspace:apps/sm-certification-fn":
  version: 0.0.0-use.local
  resolution: "sm-certification-fn@workspace:apps/sm-certification-fn"
  dependencies:
    "@azure/functions": "npm:^4.7.2-preview"
    "@types/node": "npm:^24.1.0"
    "@types/pg": "npm:^8.15.5"
    fast-xml-parser: "npm:^5.2.5"
    pg: "npm:^8.16.3"
    zod: "npm:^4.0.14"
  languageName: unknown
  linkType: soft

"split2@npm:^4.1.0":
  version: 4.2.0
  resolution: "split2@npm:4.2.0"
  checksum: 10c0/b292beb8ce9215f8c642bb68be6249c5a4c7f332fc8ecadae7be5cbdf1ea95addc95f0459ef2e7ad9d45fd1064698a097e4eb211c83e772b49bc0ee423e91534
  languageName: node
  linkType: hard

"strnum@npm:^2.1.0":
  version: 2.1.1
  resolution: "strnum@npm:2.1.1"
  checksum: 10c0/1f9bd1f9b4c68333f25c2b1f498ea529189f060cd50aa59f1876139c994d817056de3ce57c12c970f80568d75df2289725e218bd9e3cdf73cd1a876c9c102733
  languageName: node
  linkType: hard

"turbo-darwin-64@npm:2.5.8":
  version: 2.5.8
  resolution: "turbo-darwin-64@npm:2.5.8"
  conditions: os=darwin & cpu=x64
  languageName: node
  linkType: hard

"turbo-darwin-arm64@npm:2.5.8":
  version: 2.5.8
  resolution: "turbo-darwin-arm64@npm:2.5.8"
  conditions: os=darwin & cpu=arm64
  languageName: node
  linkType: hard

"turbo-linux-64@npm:2.5.8":
  version: 2.5.8
  resolution: "turbo-linux-64@npm:2.5.8"
  conditions: os=linux & cpu=x64
  languageName: node
  linkType: hard

"turbo-linux-arm64@npm:2.5.8":
  version: 2.5.8
  resolution: "turbo-linux-arm64@npm:2.5.8"
  conditions: os=linux & cpu=arm64
  languageName: node
  linkType: hard

"turbo-temp@workspace:.":
  version: 0.0.0-use.local
  resolution: "turbo-temp@workspace:."
  dependencies:
    prettier: "npm:^3.6.2"
    turbo: "npm:^2.5.8"
    typescript: "npm:5.9.2"
  languageName: unknown
  linkType: soft

"turbo-windows-64@npm:2.5.8":
  version: 2.5.8
  resolution: "turbo-windows-64@npm:2.5.8"
  conditions: os=win32 & cpu=x64
  languageName: node
  linkType: hard

"turbo-windows-arm64@npm:2.5.8":
  version: 2.5.8
  resolution: "turbo-windows-arm64@npm:2.5.8"
  conditions: os=win32 & cpu=arm64
  languageName: node
  linkType: hard

"turbo@npm:^2.5.8":
  version: 2.5.8
  resolution: "turbo@npm:2.5.8"
  dependencies:
    turbo-darwin-64: "npm:2.5.8"
    turbo-darwin-arm64: "npm:2.5.8"
    turbo-linux-64: "npm:2.5.8"
    turbo-linux-arm64: "npm:2.5.8"
    turbo-windows-64: "npm:2.5.8"
    turbo-windows-arm64: "npm:2.5.8"
  dependenciesMeta:
    turbo-darwin-64:
      optional: true
    turbo-darwin-arm64:
      optional: true
    turbo-linux-64:
      optional: true
    turbo-linux-arm64:
      optional: true
    turbo-windows-64:
      optional: true
    turbo-windows-arm64:
      optional: true
  bin:
    turbo: bin/turbo
  checksum: 10c0/34e8dc87fc2c5d63c3cd5aede9068c1123509d88f9bb99283ffec1687de6ad6df7ebfb83a5d348580afb3fdac53af479456e36938a1b6ed80fc1c3416c6dc3f3
  languageName: node
  linkType: hard

"typescript@npm:5.9.2":
  version: 5.9.2
  resolution: "typescript@npm:5.9.2"
  bin:
    tsc: bin/tsc
    tsserver: bin/tsserver
  checksum: 10c0/cd635d50f02d6cf98ed42de2f76289701c1ec587a363369255f01ed15aaf22be0813226bff3c53e99d971f9b540e0b3cc7583dbe05faded49b1b0bed2f638a18
  languageName: node
  linkType: hard

"typescript@patch:typescript@npm%3A5.9.2#optional!builtin<compat/typescript>":
  version: 5.9.2
  resolution: "typescript@patch:typescript@npm%3A5.9.2#optional!builtin<compat/typescript>::version=5.9.2&hash=5786d5"
  bin:
    tsc: bin/tsc
    tsserver: bin/tsserver
  checksum: 10c0/34d2a8e23eb8e0d1875072064d5e1d9c102e0bdce56a10a25c0b917b8aa9001a9cf5c225df12497e99da107dc379360bc138163c66b55b95f5b105b50578067e
  languageName: node
  linkType: hard

"undici-types@npm:~7.12.0":
  version: 7.12.0
  resolution: "undici-types@npm:7.12.0"
  checksum: 10c0/326e455bbc0026db1d6b81c76a1cf10c63f7e2f9821db2e24fdc258f482814e5bfa8481f8910d07c68e305937c5c049610fdc441c5e8b7bb0daca7154fb8a306
  languageName: node
  linkType: hard

"undici@npm:^5.29.0":
  version: 5.29.0
  resolution: "undici@npm:5.29.0"
  dependencies:
    "@fastify/busboy": "npm:^2.0.0"
  checksum: 10c0/e4e4d631ca54ee0ad82d2e90e7798fa00a106e27e6c880687e445cc2f13b4bc87c5eba2a88c266c3eecffb18f26e227b778412da74a23acc374fca7caccec49b
  languageName: node
  linkType: hard

"xtend@npm:^4.0.0":
  version: 4.0.2
  resolution: "xtend@npm:4.0.2"
  checksum: 10c0/366ae4783eec6100f8a02dff02ac907bf29f9a00b82ac0264b4d8b832ead18306797e283cf19de776538babfdcb2101375ec5646b59f08c52128ac4ab812ed0e
  languageName: node
  linkType: hard

"zod@npm:^4.0.14":
  version: 4.1.11
  resolution: "zod@npm:4.1.11"
  checksum: 10c0/ce6a4c4acfbf51d7dd0f2669c82f207d62a1f00264eef608994b94eb99d86a74c99f59b0dd3e61ef82909ee136631378b709e0908f0a02a2d5c21d0c497de5db
  languageName: node
  linkType: hard
